// !$*UTF8*$!
{
	archiveVersion = 1;
	classes = {
	};
	objectVersion = 46;
	objects = {

/* Begin PBXBuildFile section */
		DCE669471D4D5F2400E01C79 /* AppDelegate.swift in Sources */ = {isa = PBXBuildFile; fileRef = DCE669461D4D5F2400E01C79 /* AppDelegate.swift */; };
		DCE669491D4D5F2400E01C79 /* ViewController.swift in Sources */ = {isa = PBXBuildFile; fileRef = DCE669481D4D5F2400E01C79 /* ViewController.swift */; };
		DCE6694C1D4D5F2400E01C79 /* Main.storyboard in Resources */ = {isa = PBXBuildFile; fileRef = DCE6694A1D4D5F2400E01C79 /* Main.storyboard */; };
		DCE6694E1D4D5F2400E01C79 /* Assets.xcassets in Resources */ = {isa = PBXBuildFile; fileRef = DCE6694D1D4D5F2400E01C79 /* Assets.xcassets */; };
		DCE669511D4D5F2400E01C79 /* LaunchScreen.storyboard in Resources */ = {isa = PBXBuildFile; fileRef = DCE6694F1D4D5F2400E01C79 /* LaunchScreen.storyboard */; };
/* End PBXBuildFile section */

/* Begin PBXFileReference section */
		DCE669431D4D5F2400E01C79 /* Web Content.app */ = {isa = PBXFileReference; explicitFileType = wrapper.application; includeInIndex = 0; path = "Web Content.app"; sourceTree = BUILT_PRODUCTS_DIR; };
		DCE669461D4D5F2400E01C79 /* AppDelegate.swift */ = {isa = PBXFileReference; lastKnownFileType = sourcecode.swift; path = AppDelegate.swift; sourceTree = "<group>"; };
		DCE669481D4D5F2400E01C79 /* ViewController.swift */ = {isa = PBXFileReference; lastKnownFileType = sourcecode.swift; path = ViewController.swift; sourceTree = "<group>"; };
		DCE6694B1D4D5F2400E01C79 /* Base */ = {isa = PBXFileReference; lastKnownFileType = file.storyboard; name = Base; path = Base.lproj/Main.storyboard; sourceTree = "<group>"; };
		DCE6694D1D4D5F2400E01C79 /* Assets.xcassets */ = {isa = PBXFileReference; lastKnownFileType = folder.assetcatalog; path = Assets.xcassets; sourceTree = "<group>"; };
		DCE669501D4D5F2400E01C79 /* Base */ = {isa = PBXFileReference; lastKnownFileType = file.storyboard; name = Base; path = Base.lproj/LaunchScreen.storyboard; sourceTree = "<group>"; };
		DCE669521D4D5F2400E01C79 /* Info.plist */ = {isa = PBXFileReference; lastKnownFileType = text.plist.xml; path = Info.plist; sourceTree = "<group>"; };
/* End PBXFileReference section */

/* Begin PBXFrameworksBuildPhase section */
		DCE669401D4D5F2400E01C79 /* Frameworks */ = {
			isa = PBXFrameworksBuildPhase;
			buildActionMask = 2147483647;
			files = (
			);
			runOnlyForDeploymentPostprocessing = 0;
		};
/* End PBXFrameworksBuildPhase section */

/* Begin PBXGroup section */
		DCE6693A1D4D5F2400E01C79 = {
			isa = PBXGroup;
			children = (
				DCE669451D4D5F2400E01C79 /* Web Content */,
				DCE669441D4D5F2400E01C79 /* Products */,
			);
			sourceTree = "<group>";
		};
		DCE669441D4D5F2400E01C79 /* Products */ = {
			isa = PBXGroup;
			children = (
				DCE669431D4D5F2400E01C79 /* Web Content.app */,
			);
			name = Products;
			sourceTree = "<group>";
		};
		DCE669451D4D5F2400E01C79 /* Web Content */ = {
			isa = PBXGroup;
			children = (
				DCE669461D4D5F2400E01C79 /* AppDelegate.swift */,
				DCE669481D4D5F2400E01C79 /* ViewController.swift */,
				DCE6694A1D4D5F2400E01C79 /* Main.storyboard */,
				DCE6694D1D4D5F2400E01C79 /* Assets.xcassets */,
				DCE6694F1D4D5F2400E01C79 /* LaunchScreen.storyboard */,
				DCE669521D4D5F2400E01C79 /* Info.plist */,
			);
			path = "Web Content";
			sourceTree = "<group>";
		};
/* End PBXGroup section */

/* Begin PBXNativeTarget section */
		DCE669421D4D5F2400E01C79 /* Web Content */ = {
			isa = PBXNativeTarget;
			buildConfigurationList = DCE669551D4D5F2400E01C79 /* Build configuration list for PBXNativeTarget "Web Content" */;
			buildPhases = (
				DCE6693F1D4D5F2400E01C79 /* Sources */,
				DCE669401D4D5F2400E01C79 /* Frameworks */,
				DCE669411D4D5F2400E01C79 /* Resources */,
			);
			buildRules = (
			);
			dependencies = (
			);
			name = "Web Content";
			productName = "Web Content";
			productReference = DCE669431D4D5F2400E01C79 /* Web Content.app */;
			productType = "com.apple.product-type.application";
		};
/* End PBXNativeTarget section */

/* Begin PBXProject section */
		DCE6693B1D4D5F2400E01C79 /* Project object */ = {
			isa = PBXProject;
			attributes = {
				LastSwiftUpdateCheck = 0800;
				LastUpgradeCheck = 0800;
				ORGANIZATIONNAME = luminator.technology.com;
				TargetAttributes = {
					DCE669421D4D5F2400E01C79 = {
						CreatedOnToolsVersion = 8.0;
						DevelopmentTeam = W2L76H8G3Y;
						DevelopmentTeamName = "Stephen Maitland";
						ProvisioningStyle = Automatic;
					};
				};
			};
			buildConfigurationList = DCE6693E1D4D5F2400E01C79 /* Build configuration list for PBXProject "Web Content" */;
			compatibilityVersion = "Xcode 3.2";
			developmentRegion = English;
			hasScannedForEncodings = 0;
			knownRegions = (
				en,
				Base,
			);
			mainGroup = DCE6693A1D4D5F2400E01C79;
			productRefGroup = DCE669441D4D5F2400E01C79 /* Products */;
			projectDirPath = "";
			projectRoot = "";
			targets = (
				DCE669421D4D5F2400E01C79 /* Web Content */,
			);
		};
/* End PBXProject section */

/* Begin PBXResourcesBuildPhase section */
		DCE669411D4D5F2400E01C79 /* Resources */ = {
			isa = PBXResourcesBuildPhase;
			buildActionMask = 2147483647;
			files = (
				DCE669511D4D5F2400E01C79 /* LaunchScreen.storyboard in Resources */,
				DCE6694E1D4D5F2400E01C79 /* Assets.xcassets in Resources */,
				DCE6694C1D4D5F2400E01C79 /* Main.storyboard in Resources */,
			);
			runOnlyForDeploymentPostprocessing = 0;
		};
/* End PBXResourcesBuildPhase section */

/* Begin PBXSourcesBuildPhase section */
		DCE6693F1D4D5F2400E01C79 /* Sources */ = {
			isa = PBXSourcesBuildPhase;
			buildActionMask = 2147483647;
			files = (
				DCE669491D4D5F2400E01C79 /* ViewController.swift in Sources */,
				DCE669471D4D5F2400E01C79 /* AppDelegate.swift in Sources */,
			);
			runOnlyForDeploymentPostprocessing = 0;
		};
/* End PBXSourcesBuildPhase section */

/* Begin PBXVariantGroup section */
		DCE6694A1D4D5F2400E01C79 /* Main.storyboard */ = {
			isa = PBXVariantGroup;
			children = (
				DCE6694B1D4D5F2400E01C79 /* Base */,
			);
			name = Main.storyboard;
			sourceTree = "<group>";
		};
		DCE6694F1D4D5F2400E01C79 /* LaunchScreen.storyboard */ = {
			isa = PBXVariantGroup;
			children = (
				DCE669501D4D5F2400E01C79 /* Base */,
			);
			name = LaunchScreen.storyboard;
			sourceTree = "<group>";
		};
/* End PBXVariantGroup section */

/* Begin XCBuildConfiguration section */
		DCE669531D4D5F2400E01C79 /* Debug */ = {
			isa = XCBuildConfiguration;
			buildSettings = {
				ALWAYS_SEARCH_USER_PATHS = NO;
				CLANG_ANALYZER_NONNULL = YES;
				CLANG_CXX_LANGUAGE_STANDARD = "gnu++0x";
				CLANG_CXX_LIBRARY = "libc++";
				CLANG_ENABLE_MODULES = YES;
				CLANG_ENABLE_OBJC_ARC = YES;
				CLANG_WARN_BOOL_CONVERSION = YES;
				CLANG_WARN_CONSTANT_CONVERSION = YES;
				CLANG_WARN_DIRECT_OBJC_ISA_USAGE = YES_ERROR;
				CLANG_WARN_DOCUMENTATION_COMMENTS = YES;
				CLANG_WARN_EMPTY_BODY = YES;
				CLANG_WARN_ENUM_CONVERSION = YES;
				CLANG_WARN_INT_CONVERSION = YES;
				CLANG_WARN_OBJC_ROOT_CLASS = YES_ERROR;
				CLANG_WARN_UNREACHABLE_CODE = YES;
				CLANG_WARN__DUPLICATE_METHOD_MATCH = YES;
				"CODE_SIGN_IDENTITY[sdk=iphoneos*]" = "iPhone Developer";
				COPY_PHASE_STRIP = NO;
				DEBUG_INFORMATION_FORMAT = dwarf;
				ENABLE_STRICT_OBJC_MSGSEND = YES;
				ENABLE_TESTABILITY = YES;
				GCC_C_LANGUAGE_STANDARD = gnu99;
				GCC_DYNAMIC_NO_PIC = NO;
				GCC_NO_COMMON_BLOCKS = YES;
				GCC_OPTIMIZATION_LEVEL = 0;
				GCC_PREPROCESSOR_DEFINITIONS = (
					"DEBUG=1",
					"$(inherited)",
				);
				GCC_WARN_64_TO_32_BIT_CONVERSION = YES;
				GCC_WARN_ABOUT_RETURN_TYPE = YES_ERROR;
				GCC_WARN_UNDECLARED_SELECTOR = YES;
				GCC_WARN_UNINITIALIZED_AUTOS = YES_AGGRESSIVE;
				GCC_WARN_UNUSED_FUNCTION = YES;
				GCC_WARN_UNUSED_VARIABLE = YES;
				IPHONEOS_DEPLOYMENT_TARGET = 10.0;
				MTL_ENABLE_DEBUG_INFO = YES;
				ONLY_ACTIVE_ARCH = YES;
				SDKROOT = iphoneos;
				SWIFT_ACTIVE_COMPILATION_CONDITIONS = DEBUG;
				SWIFT_OPTIMIZATION_LEVEL = "-Onone";
			};
			name = Debug;
		};
		DCE669541D4D5F2400E01C79 /* Release */ = {
			isa = XCBuildConfiguration;
			buildSettings = {
				ALWAYS_SEARCH_USER_PATHS = NO;
				CLANG_ANALYZER_NONNULL = YES;
				CLANG_CXX_LANGUAGE_STANDARD = "gnu++0x";
				CLANG_CXX_LIBRARY = "libc++";
				CLANG_ENABLE_MODULES = YES;
				CLANG_ENABLE_OBJC_ARC = YES;
				CLANG_WARN_BOOL_CONVERSION = YES;
				CLANG_WARN_CONSTANT_CONVERSION = YES;
				CLANG_WARN_DIRECT_OBJC_ISA_USAGE = YES_ERROR;
				CLANG_WARN_DOCUMENTATION_COMMENTS = YES;
				CLANG_WARN_EMPTY_BODY = YES;
				CLANG_WARN_ENUM_CONVERSION = YES;
				CLANG_WARN_INT_CONVERSION = YES;
				CLANG_WARN_OBJC_ROOT_CLASS = YES_ERROR;
				CLANG_WARN_UNREACHABLE_CODE = YES;
				CLANG_WARN__DUPLICATE_METHOD_MATCH = YES;
				"CODE_SIGN_IDENTITY[sdk=iphoneos*]" = "iPhone Developer";
				COPY_PHASE_STRIP = NO;
				DEBUG_INFORMATION_FORMAT = "dwarf-with-dsym";
				ENABLE_NS_ASSERTIONS = NO;
				ENABLE_STRICT_OBJC_MSGSEND = YES;
				GCC_C_LANGUAGE_STANDARD = gnu99;
				GCC_NO_COMMON_BLOCKS = YES;
				GCC_WARN_64_TO_32_BIT_CONVERSION = YES;
				GCC_WARN_ABOUT_RETURN_TYPE = YES_ERROR;
				GCC_WARN_UNDECLARED_SELECTOR = YES;
				GCC_WARN_UNINITIALIZED_AUTOS = YES_AGGRESSIVE;
				GCC_WARN_UNUSED_FUNCTION = YES;
				GCC_WARN_UNUSED_VARIABLE = YES;
				IPHONEOS_DEPLOYMENT_TARGET = 10.0;
				MTL_ENABLE_DEBUG_INFO = NO;
				SDKROOT = iphoneos;
				SWIFT_OPTIMIZATION_LEVEL = "-Owholemodule";
				VALIDATE_PRODUCT = YES;
			};
			name = Release;
		};
		DCE669561D4D5F2400E01C79 /* Debug */ = {
			isa = XCBuildConfiguration;
			buildSettings = {
				ASSETCATALOG_COMPILER_APPICON_NAME = AppIcon;
				INFOPLIST_FILE = "Web Content/Info.plist";
				LD_RUNPATH_SEARCH_PATHS = "$(inherited) @executable_path/Frameworks";
				PRODUCT_BUNDLE_IDENTIFIER = "com.technology.luminator.Web-Content";
				PRODUCT_NAME = "$(TARGET_NAME)";
				SWIFT_VERSION = 3.0;
			};
			name = Debug;
		};
		DCE669571D4D5F2400E01C79 /* Release */ = {
			isa = XCBuildConfiguration;
			buildSettings = {
				ASSETCATALOG_COMPILER_APPICON_NAME = AppIcon;
				INFOPLIST_FILE = "Web Content/Info.plist";
				LD_RUNPATH_SEARCH_PATHS = "$(inherited) @executable_path/Frameworks";
				PRODUCT_BUNDLE_IDENTIFIER = "com.technology.luminator.Web-Content";
				PRODUCT_NAME = "$(TARGET_NAME)";
				SWIFT_VERSION = 3.0;
			};
			name = Release;
		};
/* End XCBuildConfiguration section */

/* Begin XCConfigurationList section */
		DCE6693E1D4D5F2400E01C79 /* Build configuration list for PBXProject "Web Content" */ = {
			isa = XCConfigurationList;
			buildConfigurations = (
				DCE669531D4D5F2400E01C79 /* Debug */,
				DCE669541D4D5F2400E01C79 /* Release */,
			);
			defaultConfigurationIsVisible = 0;
			defaultConfigurationName = Release;
		};
		DCE669551D4D5F2400E01C79 /* Build configuration list for PBXNativeTarget "Web Content" */ = {
			isa = XCConfigurationList;
			buildConfigurations = (
				DCE669561D4D5F2400E01C79 /* Debug */,
				DCE669571D4D5F2400E01C79 /* Release */,
			);
			defaultConfigurationIsVisible = 0;
			defaultConfigurationName = Release;
		};
/* End XCConfigurationList section */
	};
	rootObject = DCE6693B1D4D5F2400E01C79 /* Project object */;
}
